
Microsoft Visual Studio Solution File, Format Version 12.00
# Visual Studio Version 16
VisualStudioVersion = 16.0.29009.5
MinimumVisualStudioVersion = 10.0.40219.1
Project("{FAE04EC0-301F-11D3-BF4B-00C04F79EFBC}") = "Procedure", "Procedure\Procedure.csproj", "{C9B37B2A-9327-4D0A-8EE3-CBD2C67660A0}"
EndProject
Project("{FAE04EC0-301F-11D3-BF4B-00C04F79EFBC}") = "ConsoleUI", "ConsoleUI\ConsoleUI.csproj", "{B4358C93-75B1-4F4E-A493-85695302EF01}"
EndProject
Project("{FAE04EC0-301F-11D3-BF4B-00C04F79EFBC}") = "BusinessLayer", "BusinessLayer\BusinessLayer.csproj", "{D0DD63C9-742E-435F-9219-183F908719D1}"
EndProject
Project("{FAE04EC0-301F-11D3-BF4B-00C04F79EFBC}") = "DAL", "DAL\DAL.csproj", "{5D830EDD-BC6E-4A50-8461-87DB98649B35}"
EndProject
Project("{FAE04EC0-301F-11D3-BF4B-00C04F79EFBC}") = "Entities", "Entities\Entities.csproj", "{434712C2-A045-4A5C-B1D3-49E86EE3B921}"
EndProject
Global
	GlobalSection(SolutionConfigurationPlatforms) = preSolution
		Debug|Any CPU = Debug|Any CPU
		Release|Any CPU = Release|Any CPU
	EndGlobalSection
	GlobalSection(ProjectConfigurationPlatforms) = postSolution
		{C9B37B2A-9327-4D0A-8EE3-CBD2C67660A0}.Debug|Any CPU.ActiveCfg = Debug|Any CPU
		{C9B37B2A-9327-4D0A-8EE3-CBD2C67660A0}.Debug|Any CPU.Build.0 = Debug|Any CPU
		{C9B37B2A-9327-4D0A-8EE3-CBD2C67660A0}.Release|Any CPU.ActiveCfg = Release|Any CPU
		{C9B37B2A-9327-4D0A-8EE3-CBD2C67660A0}.Release|Any CPU.Build.0 = Release|Any CPU
		{B4358C93-75B1-4F4E-A493-85695302EF01}.Debug|Any CPU.ActiveCfg = Debug|Any CPU
		{B4358C93-75B1-4F4E-A493-85695302EF01}.Debug|Any CPU.Build.0 = Debug|Any CPU
		{B4358C93-75B1-4F4E-A493-85695302EF01}.Release|Any CPU.ActiveCfg = Release|Any CPU
		{B4358C93-75B1-4F4E-A493-85695302EF01}.Release|Any CPU.Build.0 = Release|Any CPU
		{D0DD63C9-742E-435F-9219-183F908719D1}.Debug|Any CPU.ActiveCfg = Debug|Any CPU
		{D0DD63C9-742E-435F-9219-183F908719D1}.Debug|Any CPU.Build.0 = Debug|Any CPU
		{D0DD63C9-742E-435F-9219-183F908719D1}.Release|Any CPU.ActiveCfg = Release|Any CPU
		{D0DD63C9-742E-435F-9219-183F908719D1}.Release|Any CPU.Build.0 = Release|Any CPU
		{5D830EDD-BC6E-4A50-8461-87DB98649B35}.Debug|Any CPU.ActiveCfg = Debug|Any CPU
		{5D830EDD-BC6E-4A50-8461-87DB98649B35}.Debug|Any CPU.Build.0 = Debug|Any CPU
		{5D830EDD-BC6E-4A50-8461-87DB98649B35}.Release|Any CPU.ActiveCfg = Release|Any CPU
		{5D830EDD-BC6E-4A50-8461-87DB98649B35}.Release|Any CPU.Build.0 = Release|Any CPU
		{434712C2-A045-4A5C-B1D3-49E86EE3B921}.Debug|Any CPU.ActiveCfg = Debug|Any CPU
		{434712C2-A045-4A5C-B1D3-49E86EE3B921}.Debug|Any CPU.Build.0 = Debug|Any CPU
		{434712C2-A045-4A5C-B1D3-49E86EE3B921}.Release|Any CPU.ActiveCfg = Release|Any CPU
		{434712C2-A045-4A5C-B1D3-49E86EE3B921}.Release|Any CPU.Build.0 = Release|Any CPU
	EndGlobalSection
	GlobalSection(SolutionProperties) = preSolution
		HideSolutionNode = FALSE
	EndGlobalSection
	GlobalSection(ExtensibilityGlobals) = postSolution
		SolutionGuid = {4DABBEB2-24FC-43C4-AFF0-BABF0BD2C52A}
	EndGlobalSection
EndGlobal
